// !$*UTF8*$!
{
	archiveVersion = 1;
	classes = {
	};
	objectVersion = 56;
	objects = {

/* Begin PBXBuildFile section */
		/* App Files */
		APP001 /* GhostVaultApp.swift in Sources */ = {isa = PBXBuildFile; fileRef = SRC001; };
		APP002 /* ContentView.swift in Sources */ = {isa = PBXBuildFile; fileRef = SRC002; };
		APP003 /* Assets.xcassets in Resources */ = {isa = PBXBuildFile; fileRef = RES001; };

		/* Models */
		MOD001 /* Account.swift in Sources */ = {isa = PBXBuildFile; fileRef = SRCMOD001; };
		MOD002 /* Transaction.swift in Sources */ = {isa = PBXBuildFile; fileRef = SRCMOD002; };
		MOD003 /* Organization.swift in Sources */ = {isa = PBXBuildFile; fileRef = SRCMOD003; };
		MOD004 /* Category.swift in Sources */ = {isa = PBXBuildFile; fileRef = SRCMOD004; };
		MOD005 /* SimpleFINModels.swift in Sources */ = {isa = PBXBuildFile; fileRef = SRCMOD005; };

		/* Services */
		SVC001 /* SimpleFINService.swift in Sources */ = {isa = PBXBuildFile; fileRef = SRCSVC001; };
		SVC002 /* KeychainService.swift in Sources */ = {isa = PBXBuildFile; fileRef = SRCSVC002; };
		SVC003 /* CloudKitService.swift in Sources */ = {isa = PBXBuildFile; fileRef = SRCSVC003; };

		/* Views */
		VW001 /* DashboardView.swift in Sources */ = {isa = PBXBuildFile; fileRef = SRCVW001; };
		VW002 /* AccountsView.swift in Sources */ = {isa = PBXBuildFile; fileRef = SRCVW002; };
		VW003 /* TransactionsView.swift in Sources */ = {isa = PBXBuildFile; fileRef = SRCVW003; };
		VW004 /* SettingsView.swift in Sources */ = {isa = PBXBuildFile; fileRef = SRCVW004; };
		VW005 /* OnboardingView.swift in Sources */ = {isa = PBXBuildFile; fileRef = SRCVW005; };
		VW006 /* WelcomeView.swift in Sources */ = {isa = PBXBuildFile; fileRef = SRCVW006; };
		VW007 /* TokenEntryView.swift in Sources */ = {isa = PBXBuildFile; fileRef = SRCVW007; };
		VW008 /* SimpleFINWebView.swift in Sources */ = {isa = PBXBuildFile; fileRef = SRCVW008; };
		VW009 /* AccountDiscoveryView.swift in Sources */ = {isa = PBXBuildFile; fileRef = SRCVW009; };
		VW010 /* ClassificationReviewView.swift in Sources */ = {isa = PBXBuildFile; fileRef = SRCVW010; };
		VW011 /* NetWorthCard.swift in Sources */ = {isa = PBXBuildFile; fileRef = SRCVW011; };

		/* Utilities */
		UTL001 /* NetWorthCalculator.swift in Sources */ = {isa = PBXBuildFile; fileRef = SRCUTL001; };
		UTL002 /* MonthlyIncomeCalculator.swift in Sources */ = {isa = PBXBuildFile; fileRef = SRCUTL002; };
		VW012 /* NetMonthlyIncomeCard.swift in Sources */ = {isa = PBXBuildFile; fileRef = SRCVW012; };
		UTL003 /* SyncRateLimiter.swift in Sources */ = {isa = PBXBuildFile; fileRef = SRCUTL003; };
		VW013 /* SyncStatusBar.swift in Sources */ = {isa = PBXBuildFile; fileRef = SRCVW013; };
		VW014 /* AccountDetailView.swift in Sources */ = {isa = PBXBuildFile; fileRef = SRCVW014; };
		UTL004 /* AccountBalanceDelta.swift in Sources */ = {isa = PBXBuildFile; fileRef = SRCUTL004; };

		/* Test Files */
		TST001 /* GhostVaultTests.swift in Sources */ = {isa = PBXBuildFile; fileRef = SRCTST001; };
		TST002 /* AccountTests.swift in Sources */ = {isa = PBXBuildFile; fileRef = SRCTST002; };
		TST003 /* TransactionTests.swift in Sources */ = {isa = PBXBuildFile; fileRef = SRCTST003; };
		TST004 /* CategoryTests.swift in Sources */ = {isa = PBXBuildFile; fileRef = SRCTST004; };
		TST005 /* SimpleFINServiceTests.swift in Sources */ = {isa = PBXBuildFile; fileRef = SRCTST005; };
		TST006 /* TokenValidatorTests.swift in Sources */ = {isa = PBXBuildFile; fileRef = SRCTST006; };
		TST007 /* AccountFilterTests.swift in Sources */ = {isa = PBXBuildFile; fileRef = SRCTST007; };
		TST008 /* NetWorthCalculatorTests.swift in Sources */ = {isa = PBXBuildFile; fileRef = SRCTST008; };
		TST009 /* MonthlyIncomeCalculatorTests.swift in Sources */ = {isa = PBXBuildFile; fileRef = SRCTST009; };
		TST010 /* SyncRateLimiterTests.swift in Sources */ = {isa = PBXBuildFile; fileRef = SRCTST010; };
		TST011 /* AccountBalanceDeltaTests.swift in Sources */ = {isa = PBXBuildFile; fileRef = SRCTST011; };
/* End PBXBuildFile section */

/* Begin PBXContainerItemProxy section */
		PRXY001 /* PBXContainerItemProxy */ = {
			isa = PBXContainerItemProxy;
			containerPortal = PROJ001 /* Project object */;
			proxyType = 1;
			remoteGlobalIDString = TGT001;
			remoteInfo = GhostVault;
		};
/* End PBXContainerItemProxy section */

/* Begin PBXFileReference section */
		PROD001 /* GhostVault.app */ = {isa = PBXFileReference; explicitFileType = wrapper.application; includeInIndex = 0; path = GhostVault.app; sourceTree = BUILT_PRODUCTS_DIR; };
		PROD002 /* GhostVaultTests.xctest */ = {isa = PBXFileReference; explicitFileType = wrapper.cfbundle; includeInIndex = 0; path = GhostVaultTests.xctest; sourceTree = BUILT_PRODUCTS_DIR; };

		/* Source Files */
		SRC001 /* GhostVaultApp.swift */ = {isa = PBXFileReference; lastKnownFileType = sourcecode.swift; path = GhostVaultApp.swift; sourceTree = "<group>"; };
		SRC002 /* ContentView.swift */ = {isa = PBXFileReference; lastKnownFileType = sourcecode.swift; path = ContentView.swift; sourceTree = "<group>"; };
		RES001 /* Assets.xcassets */ = {isa = PBXFileReference; lastKnownFileType = folder.assetcatalog; path = Assets.xcassets; sourceTree = "<group>"; };

		/* Models */
		SRCMOD001 /* Account.swift */ = {isa = PBXFileReference; lastKnownFileType = sourcecode.swift; path = Account.swift; sourceTree = "<group>"; };
		SRCMOD002 /* Transaction.swift */ = {isa = PBXFileReference; lastKnownFileType = sourcecode.swift; path = Transaction.swift; sourceTree = "<group>"; };
		SRCMOD003 /* Organization.swift */ = {isa = PBXFileReference; lastKnownFileType = sourcecode.swift; path = Organization.swift; sourceTree = "<group>"; };
		SRCMOD004 /* Category.swift */ = {isa = PBXFileReference; lastKnownFileType = sourcecode.swift; path = Category.swift; sourceTree = "<group>"; };
		SRCMOD005 /* SimpleFINModels.swift */ = {isa = PBXFileReference; lastKnownFileType = sourcecode.swift; path = SimpleFINModels.swift; sourceTree = "<group>"; };

		/* Services */
		SRCSVC001 /* SimpleFINService.swift */ = {isa = PBXFileReference; lastKnownFileType = sourcecode.swift; path = SimpleFINService.swift; sourceTree = "<group>"; };
		SRCSVC002 /* KeychainService.swift */ = {isa = PBXFileReference; lastKnownFileType = sourcecode.swift; path = KeychainService.swift; sourceTree = "<group>"; };
		SRCSVC003 /* CloudKitService.swift */ = {isa = PBXFileReference; lastKnownFileType = sourcecode.swift; path = CloudKitService.swift; sourceTree = "<group>"; };

		/* Views */
		SRCVW001 /* DashboardView.swift */ = {isa = PBXFileReference; lastKnownFileType = sourcecode.swift; path = DashboardView.swift; sourceTree = "<group>"; };
		SRCVW002 /* AccountsView.swift */ = {isa = PBXFileReference; lastKnownFileType = sourcecode.swift; path = AccountsView.swift; sourceTree = "<group>"; };
		SRCVW003 /* TransactionsView.swift */ = {isa = PBXFileReference; lastKnownFileType = sourcecode.swift; path = TransactionsView.swift; sourceTree = "<group>"; };
		SRCVW004 /* SettingsView.swift */ = {isa = PBXFileReference; lastKnownFileType = sourcecode.swift; path = SettingsView.swift; sourceTree = "<group>"; };
		SRCVW005 /* OnboardingView.swift */ = {isa = PBXFileReference; lastKnownFileType = sourcecode.swift; path = OnboardingView.swift; sourceTree = "<group>"; };
		SRCVW006 /* WelcomeView.swift */ = {isa = PBXFileReference; lastKnownFileType = sourcecode.swift; path = WelcomeView.swift; sourceTree = "<group>"; };
		SRCVW007 /* TokenEntryView.swift */ = {isa = PBXFileReference; lastKnownFileType = sourcecode.swift; path = TokenEntryView.swift; sourceTree = "<group>"; };
		SRCVW008 /* SimpleFINWebView.swift */ = {isa = PBXFileReference; lastKnownFileType = sourcecode.swift; path = SimpleFINWebView.swift; sourceTree = "<group>"; };
		SRCVW009 /* AccountDiscoveryView.swift */ = {isa = PBXFileReference; lastKnownFileType = sourcecode.swift; path = AccountDiscoveryView.swift; sourceTree = "<group>"; };
		SRCVW010 /* ClassificationReviewView.swift */ = {isa = PBXFileReference; lastKnownFileType = sourcecode.swift; path = ClassificationReviewView.swift; sourceTree = "<group>"; };
		SRCVW011 /* NetWorthCard.swift */ = {isa = PBXFileReference; lastKnownFileType = sourcecode.swift; path = NetWorthCard.swift; sourceTree = "<group>"; };

		/* Utilities */
		SRCUTL001 /* NetWorthCalculator.swift */ = {isa = PBXFileReference; lastKnownFileType = sourcecode.swift; path = NetWorthCalculator.swift; sourceTree = "<group>"; };
		SRCUTL002 /* MonthlyIncomeCalculator.swift */ = {isa = PBXFileReference; lastKnownFileType = sourcecode.swift; path = MonthlyIncomeCalculator.swift; sourceTree = "<group>"; };
		SRCVW012 /* NetMonthlyIncomeCard.swift */ = {isa = PBXFileReference; lastKnownFileType = sourcecode.swift; path = NetMonthlyIncomeCard.swift; sourceTree = "<group>"; };
		SRCUTL003 /* SyncRateLimiter.swift */ = {isa = PBXFileReference; lastKnownFileType = sourcecode.swift; path = SyncRateLimiter.swift; sourceTree = "<group>"; };
		SRCVW013 /* SyncStatusBar.swift */ = {isa = PBXFileReference; lastKnownFileType = sourcecode.swift; path = SyncStatusBar.swift; sourceTree = "<group>"; };
		SRCVW014 /* AccountDetailView.swift */ = {isa = PBXFileReference; lastKnownFileType = sourcecode.swift; path = AccountDetailView.swift; sourceTree = "<group>"; };
		SRCUTL004 /* AccountBalanceDelta.swift */ = {isa = PBXFileReference; lastKnownFileType = sourcecode.swift; path = AccountBalanceDelta.swift; sourceTree = "<group>"; };

		/* Test Files */
		SRCTST001 /* GhostVaultTests.swift */ = {isa = PBXFileReference; lastKnownFileType = sourcecode.swift; path = GhostVaultTests.swift; sourceTree = "<group>"; };
		SRCTST002 /* AccountTests.swift */ = {isa = PBXFileReference; lastKnownFileType = sourcecode.swift; path = AccountTests.swift; sourceTree = "<group>"; };
		SRCTST003 /* TransactionTests.swift */ = {isa = PBXFileReference; lastKnownFileType = sourcecode.swift; path = TransactionTests.swift; sourceTree = "<group>"; };
		SRCTST004 /* CategoryTests.swift */ = {isa = PBXFileReference; lastKnownFileType = sourcecode.swift; path = CategoryTests.swift; sourceTree = "<group>"; };
		SRCTST005 /* SimpleFINServiceTests.swift */ = {isa = PBXFileReference; lastKnownFileType = sourcecode.swift; path = SimpleFINServiceTests.swift; sourceTree = "<group>"; };
		SRCTST006 /* TokenValidatorTests.swift */ = {isa = PBXFileReference; lastKnownFileType = sourcecode.swift; path = TokenValidatorTests.swift; sourceTree = "<group>"; };
		SRCTST007 /* AccountFilterTests.swift */ = {isa = PBXFileReference; lastKnownFileType = sourcecode.swift; path = AccountFilterTests.swift; sourceTree = "<group>"; };
		SRCTST008 /* NetWorthCalculatorTests.swift */ = {isa = PBXFileReference; lastKnownFileType = sourcecode.swift; path = NetWorthCalculatorTests.swift; sourceTree = "<group>"; };
		SRCTST009 /* MonthlyIncomeCalculatorTests.swift */ = {isa = PBXFileReference; lastKnownFileType = sourcecode.swift; path = MonthlyIncomeCalculatorTests.swift; sourceTree = "<group>"; };
		SRCTST010 /* SyncRateLimiterTests.swift */ = {isa = PBXFileReference; lastKnownFileType = sourcecode.swift; path = SyncRateLimiterTests.swift; sourceTree = "<group>"; };
		SRCTST011 /* AccountBalanceDeltaTests.swift */ = {isa = PBXFileReference; lastKnownFileType = sourcecode.swift; path = AccountBalanceDeltaTests.swift; sourceTree = "<group>"; };
/* End PBXFileReference section */

/* Begin PBXGroup section */
		ROOT = {
			isa = PBXGroup;
			children = (
				GRPAPP /* GhostVault */,
				GRPTESTS /* GhostVaultTests */,
				GRPPROD /* Products */,
			);
			sourceTree = "<group>";
		};
		GRPPROD /* Products */ = {
			isa = PBXGroup;
			children = (
				PROD001 /* GhostVault.app */,
				PROD002 /* GhostVaultTests.xctest */,
			);
			name = Products;
			sourceTree = "<group>";
		};
		GRPAPP /* GhostVault */ = {
			isa = PBXGroup;
			children = (
				GRPAPPCORE /* App */,
				GRPVIEWS /* Views */,
				GRPMODELS /* Models */,
				GRPSERVICES /* Services */,
				GRPUTILS /* Utilities */,
				GRPRES /* Resources */,
			);
			path = GhostVault;
			sourceTree = "<group>";
		};
		GRPTESTS /* GhostVaultTests */ = {
			isa = PBXGroup;
			children = (
				SRCTST001 /* GhostVaultTests.swift */,
				SRCTST002 /* AccountTests.swift */,
				SRCTST003 /* TransactionTests.swift */,
				SRCTST004 /* CategoryTests.swift */,
				SRCTST005 /* SimpleFINServiceTests.swift */,
				SRCTST006 /* TokenValidatorTests.swift */,
				SRCTST007 /* AccountFilterTests.swift */,
				SRCTST008 /* NetWorthCalculatorTests.swift */,
				SRCTST009 /* MonthlyIncomeCalculatorTests.swift */,
				SRCTST010 /* SyncRateLimiterTests.swift */,
				SRCTST011 /* AccountBalanceDeltaTests.swift */,
			);
			path = GhostVaultTests;
			sourceTree = "<group>";
		};
		GRPAPPCORE /* App */ = {
			isa = PBXGroup;
			children = (
				SRC001 /* GhostVaultApp.swift */,
				SRC002 /* ContentView.swift */,
			);
			path = App;
			sourceTree = "<group>";
		};
		GRPVIEWS /* Views */ = {
			isa = PBXGroup;
			children = (
				GRPVWDASH /* Dashboard */,
				GRPVWACC /* Accounts */,
				GRPVWTXN /* Transactions */,
				GRPVWSET /* Settings */,
				GRPVWONB /* Onboarding */,
				GRPVWCOMP /* Components */,
			);
			path = Views;
			sourceTree = "<group>";
		};
		GRPVWDASH /* Dashboard */ = {
			isa = PBXGroup;
			children = (
				SRCVW001 /* DashboardView.swift */,
				SRCVW011 /* NetWorthCard.swift */,
				SRCVW012 /* NetMonthlyIncomeCard.swift */,
				SRCVW013 /* SyncStatusBar.swift */,
			);
			path = Dashboard;
			sourceTree = "<group>";
		};
		GRPVWACC /* Accounts */ = {
			isa = PBXGroup;
			children = (
				SRCVW002 /* AccountsView.swift */,
				SRCVW014 /* AccountDetailView.swift */,
			);
			path = Accounts;
			sourceTree = "<group>";
		};
		GRPVWTXN /* Transactions */ = {
			isa = PBXGroup;
			children = (
				SRCVW003 /* TransactionsView.swift */,
			);
			path = Transactions;
			sourceTree = "<group>";
		};
		GRPVWSET /* Settings */ = {
			isa = PBXGroup;
			children = (
				SRCVW004 /* SettingsView.swift */,
			);
			path = Settings;
			sourceTree = "<group>";
		};
		GRPVWONB /* Onboarding */ = {
			isa = PBXGroup;
			children = (
				SRCVW005 /* OnboardingView.swift */,
				SRCVW006 /* WelcomeView.swift */,
				SRCVW007 /* TokenEntryView.swift */,
				SRCVW008 /* SimpleFINWebView.swift */,
				SRCVW009 /* AccountDiscoveryView.swift */,
				SRCVW010 /* ClassificationReviewView.swift */,
			);
			path = Onboarding;
			sourceTree = "<group>";
		};
		GRPVWCOMP /* Components */ = {
			isa = PBXGroup;
			children = (
			);
			path = Components;
			sourceTree = "<group>";
		};
		GRPMODELS /* Models */ = {
			isa = PBXGroup;
			children = (
				SRCMOD001 /* Account.swift */,
				SRCMOD002 /* Transaction.swift */,
				SRCMOD003 /* Organization.swift */,
				SRCMOD004 /* Category.swift */,
			);
			path = Models;
			sourceTree = "<group>";
		};
		GRPSERVICES /* Services */ = {
			isa = PBXGroup;
			children = (
				GRPSVCSFIN /* SimpleFIN */,
				GRPSVCSTORE /* Storage */,
				GRPSVCSYNC /* Sync */,
			);
			path = Services;
			sourceTree = "<group>";
		};
		GRPSVCSFIN /* SimpleFIN */ = {
			isa = PBXGroup;
			children = (
				SRCSVC001 /* SimpleFINService.swift */,
				SRCMOD005 /* SimpleFINModels.swift */,
			);
			path = SimpleFIN;
			sourceTree = "<group>";
		};
		GRPSVCSTORE /* Storage */ = {
			isa = PBXGroup;
			children = (
				SRCSVC002 /* KeychainService.swift */,
			);
			path = Storage;
			sourceTree = "<group>";
		};
		GRPSVCSYNC /* Sync */ = {
			isa = PBXGroup;
			children = (
				SRCSVC003 /* CloudKitService.swift */,
			);
			path = Sync;
			sourceTree = "<group>";
		};
		GRPUTILS /* Utilities */ = {
			isa = PBXGroup;
			children = (
				SRCUTL001 /* NetWorthCalculator.swift */,
				SRCUTL002 /* MonthlyIncomeCalculator.swift */,
				SRCUTL003 /* SyncRateLimiter.swift */,
				SRCUTL004 /* AccountBalanceDelta.swift */,
			);
			path = Utilities;
			sourceTree = "<group>";
		};
		GRPRES /* Resources */ = {
			isa = PBXGroup;
			children = (
				RES001 /* Assets.xcassets */,
			);
			path = Resources;
			sourceTree = "<group>";
		};
/* End PBXGroup section */

/* Begin PBXNativeTarget section */
		TGT001 /* GhostVault */ = {
			isa = PBXNativeTarget;
			buildConfigurationList = BLDCFGLST001;
			buildPhases = (
				BP001 /* Sources */,
				BP002 /* Resources */,
			);
			buildRules = (
			);
			dependencies = (
			);
			name = GhostVault;
			productName = GhostVault;
			productReference = PROD001 /* GhostVault.app */;
			productType = "com.apple.product-type.application";
		};
		TGT002 /* GhostVaultTests */ = {
			isa = PBXNativeTarget;
			buildConfigurationList = BLDCFGLST002;
			buildPhases = (
				BP003 /* Sources */,
			);
			buildRules = (
			);
			dependencies = (
				DEP001 /* PBXTargetDependency */,
			);
			name = GhostVaultTests;
			productName = GhostVaultTests;
			productReference = PROD002 /* GhostVaultTests.xctest */;
			productType = "com.apple.product-type.bundle.unit-test";
		};
/* End PBXNativeTarget section */

/* Begin PBXProject section */
		PROJ001 /* Project object */ = {
			isa = PBXProject;
			attributes = {
				BuildIndependentTargetsInParallel = 1;
				LastSwiftUpdateCheck = 1500;
				LastUpgradeCheck = 1500;
				TargetAttributes = {
					TGT001 = {
						CreatedOnToolsVersion = 15.0;
					};
					TGT002 = {
						CreatedOnToolsVersion = 15.0;
						TestTargetID = TGT001;
					};
				};
			};
			buildConfigurationList = BLDCFGLSTPROJ;
			compatibilityVersion = "Xcode 14.0";
			developmentRegion = en;
			hasScannedForEncodings = 0;
			knownRegions = (
				en,
				Base,
			);
			mainGroup = ROOT;
			productRefGroup = GRPPROD /* Products */;
			projectDirPath = "";
			projectRoot = "";
			targets = (
				TGT001 /* GhostVault */,
				TGT002 /* GhostVaultTests */,
			);
		};
/* End PBXProject section */

/* Begin PBXSourcesBuildPhase section */
		BP001 /* Sources */ = {
			isa = PBXSourcesBuildPhase;
			buildActionMask = 2147483647;
			files = (
				APP001 /* GhostVaultApp.swift in Sources */,
				APP002 /* ContentView.swift in Sources */,
				MOD001 /* Account.swift in Sources */,
				MOD002 /* Transaction.swift in Sources */,
				MOD003 /* Organization.swift in Sources */,
				MOD004 /* Category.swift in Sources */,
				MOD005 /* SimpleFINModels.swift in Sources */,
				SVC001 /* SimpleFINService.swift in Sources */,
				SVC002 /* KeychainService.swift in Sources */,
				SVC003 /* CloudKitService.swift in Sources */,
				VW001 /* DashboardView.swift in Sources */,
				VW002 /* AccountsView.swift in Sources */,
				VW003 /* TransactionsView.swift in Sources */,
				VW004 /* SettingsView.swift in Sources */,
				VW005 /* OnboardingView.swift in Sources */,
				VW006 /* WelcomeView.swift in Sources */,
				VW007 /* TokenEntryView.swift in Sources */,
				VW008 /* SimpleFINWebView.swift in Sources */,
				VW009 /* AccountDiscoveryView.swift in Sources */,
				VW010 /* ClassificationReviewView.swift in Sources */,
				VW011 /* NetWorthCard.swift in Sources */,
				UTL001 /* NetWorthCalculator.swift in Sources */,
				VW012 /* NetMonthlyIncomeCard.swift in Sources */,
				UTL002 /* MonthlyIncomeCalculator.swift in Sources */,
				VW013 /* SyncStatusBar.swift in Sources */,
				UTL003 /* SyncRateLimiter.swift in Sources */,
				VW014 /* AccountDetailView.swift in Sources */,
				UTL004 /* AccountBalanceDelta.swift in Sources */,
			);
			runOnlyForDeploymentPostprocessing = 0;
		};
		BP003 /* Sources */ = {
			isa = PBXSourcesBuildPhase;
			buildActionMask = 2147483647;
			files = (
				TST001 /* GhostVaultTests.swift in Sources */,
				TST002 /* AccountTests.swift in Sources */,
				TST003 /* TransactionTests.swift in Sources */,
				TST004 /* CategoryTests.swift in Sources */,
				TST005 /* SimpleFINServiceTests.swift in Sources */,
				TST006 /* TokenValidatorTests.swift in Sources */,
				TST007 /* AccountFilterTests.swift in Sources */,
				TST008 /* NetWorthCalculatorTests.swift in Sources */,
				TST009 /* MonthlyIncomeCalculatorTests.swift in Sources */,
				TST010 /* SyncRateLimiterTests.swift in Sources */,
				TST011 /* AccountBalanceDeltaTests.swift in Sources */,
			);
			runOnlyForDeploymentPostprocessing = 0;
		};
/* End PBXSourcesBuildPhase section */

/* Begin PBXResourcesBuildPhase section */
		BP002 /* Resources */ = {
			isa = PBXResourcesBuildPhase;
			buildActionMask = 2147483647;
			files = (
				APP003 /* Assets.xcassets in Resources */,
			);
			runOnlyForDeploymentPostprocessing = 0;
		};
/* End PBXResourcesBuildPhase section */

/* Begin PBXTargetDependency section */
		DEP001 /* PBXTargetDependency */ = {
			isa = PBXTargetDependency;
			target = TGT001 /* GhostVault */;
			targetProxy = PRXY001 /* PBXContainerItemProxy */;
		};
/* End PBXTargetDependency section */

/* Begin XCBuildConfiguration section */
		BLDCFGDBG /* Debug */ = {
			isa = XCBuildConfiguration;
			buildSettings = {
				ALWAYS_SEARCH_USER_PATHS = NO;
				ASSETCATALOG_COMPILER_GENERATE_SWIFT_ASSET_SYMBOL_EXTENSIONS = YES;
				CLANG_ANALYZER_NONNULL = YES;
				CLANG_ENABLE_MODULES = YES;
				CLANG_ENABLE_OBJC_ARC = YES;
				CODE_SIGN_STYLE = Automatic;
				CURRENT_PROJECT_VERSION = 1;
				DEBUG_INFORMATION_FORMAT = dwarf;
				ENABLE_STRICT_OBJC_MSGSEND = YES;
				ENABLE_TESTABILITY = YES;
				GCC_DYNAMIC_NO_PIC = NO;
				GCC_NO_COMMON_BLOCKS = YES;
				GCC_OPTIMIZATION_LEVEL = 0;
				GCC_PREPROCESSOR_DEFINITIONS = (
					"DEBUG=1",
					"$(inherited)",
				);
				GCC_WARN_64_TO_32_BIT_CONVERSION = YES;
				GCC_WARN_ABOUT_RETURN_TYPE = YES_ERROR;
				GCC_WARN_UNDECLARED_SELECTOR = YES;
				GCC_WARN_UNINITIALIZED_AUTOS = YES_AGGRESSIVE;
				GCC_WARN_UNUSED_FUNCTION = YES;
				GCC_WARN_UNUSED_VARIABLE = YES;
				IPHONEOS_DEPLOYMENT_TARGET = 17.0;
				MTL_ENABLE_DEBUG_INFO = INCLUDE_SOURCE;
				MTL_FAST_MATH = YES;
				ONLY_ACTIVE_ARCH = YES;
				SDKROOT = iphoneos;
				SWIFT_ACTIVE_COMPILATION_CONDITIONS = DEBUG;
				SWIFT_OPTIMIZATION_LEVEL = "-Onone";
			};
			name = Debug;
		};
		BLDCFGREL /* Release */ = {
			isa = XCBuildConfiguration;
			buildSettings = {
				ALWAYS_SEARCH_USER_PATHS = NO;
				ASSETCATALOG_COMPILER_GENERATE_SWIFT_ASSET_SYMBOL_EXTENSIONS = YES;
				CLANG_ANALYZER_NONNULL = YES;
				CLANG_ENABLE_MODULES = YES;
				CLANG_ENABLE_OBJC_ARC = YES;
				CODE_SIGN_STYLE = Automatic;
				COPY_PHASE_STRIP = NO;
				CURRENT_PROJECT_VERSION = 1;
				DEBUG_INFORMATION_FORMAT = "dwarf-with-dsym";
				ENABLE_NS_ASSERTIONS = NO;
				ENABLE_STRICT_OBJC_MSGSEND = YES;
				GCC_NO_COMMON_BLOCKS = YES;
				GCC_WARN_64_TO_32_BIT_CONVERSION = YES;
				GCC_WARN_ABOUT_RETURN_TYPE = YES_ERROR;
				GCC_WARN_UNDECLARED_SELECTOR = YES;
				GCC_WARN_UNINITIALIZED_AUTOS = YES_AGGRESSIVE;
				GCC_WARN_UNUSED_FUNCTION = YES;
				GCC_WARN_UNUSED_VARIABLE = YES;
				IPHONEOS_DEPLOYMENT_TARGET = 17.0;
				MTL_ENABLE_DEBUG_INFO = NO;
				MTL_FAST_MATH = YES;
				SDKROOT = iphoneos;
				SWIFT_COMPILATION_MODE = wholemodule;
				SWIFT_OPTIMIZATION_LEVEL = "-O";
				VALIDATE_PRODUCT = YES;
			};
			name = Release;
		};
		BLDCFGTGTDBG /* Debug */ = {
			isa = XCBuildConfiguration;
			buildSettings = {
				ASSETCATALOG_COMPILER_APPICON_NAME = AppIcon;
				ASSETCATALOG_COMPILER_GLOBAL_ACCENT_COLOR_NAME = AccentColor;
				CODE_SIGN_ENTITLEMENTS = GhostVault/GhostVault.entitlements;
				CODE_SIGN_STYLE = Automatic;
				CURRENT_PROJECT_VERSION = 1;
				DEVELOPMENT_ASSET_PATHS = "";
				ENABLE_PREVIEWS = YES;
				GENERATE_INFOPLIST_FILE = YES;
				INFOPLIST_FILE = GhostVault/Info.plist;
				INFOPLIST_KEY_CFBundleDisplayName = GhostVault;
				INFOPLIST_KEY_LSApplicationCategoryType = "public.app-category.finance";
				INFOPLIST_KEY_UIApplicationSceneManifest_Generation = YES;
				INFOPLIST_KEY_UIApplicationSupportsIndirectInputEvents = YES;
				INFOPLIST_KEY_UILaunchScreen_Generation = YES;
				INFOPLIST_KEY_UISupportedInterfaceOrientations_iPad = "UIInterfaceOrientationPortrait UIInterfaceOrientationPortraitUpsideDown UIInterfaceOrientationLandscapeLeft UIInterfaceOrientationLandscapeRight";
				INFOPLIST_KEY_UISupportedInterfaceOrientations_iPhone = "UIInterfaceOrientationPortrait UIInterfaceOrientationLandscapeLeft UIInterfaceOrientationLandscapeRight";
				LD_RUNPATH_SEARCH_PATHS = (
					"$(inherited)",
					"@executable_path/Frameworks",
				);
				MARKETING_VERSION = 1.0;
				PRODUCT_BUNDLE_IDENTIFIER = com.ghostvault.app;
				PRODUCT_NAME = "$(TARGET_NAME)";
				SWIFT_EMIT_LOC_STRINGS = YES;
				SWIFT_VERSION = 5.0;
				TARGETED_DEVICE_FAMILY = "1,2";
			};
			name = Debug;
		};
		BLDCFGTGTREL /* Release */ = {
			isa = XCBuildConfiguration;
			buildSettings = {
				ASSETCATALOG_COMPILER_APPICON_NAME = AppIcon;
				ASSETCATALOG_COMPILER_GLOBAL_ACCENT_COLOR_NAME = AccentColor;
				CODE_SIGN_ENTITLEMENTS = GhostVault/GhostVault.entitlements;
				CODE_SIGN_STYLE = Automatic;
				CURRENT_PROJECT_VERSION = 1;
				DEVELOPMENT_ASSET_PATHS = "";
				ENABLE_PREVIEWS = YES;
				GENERATE_INFOPLIST_FILE = YES;
				INFOPLIST_FILE = GhostVault/Info.plist;
				INFOPLIST_KEY_CFBundleDisplayName = GhostVault;
				INFOPLIST_KEY_LSApplicationCategoryType = "public.app-category.finance";
				INFOPLIST_KEY_UIApplicationSceneManifest_Generation = YES;
				INFOPLIST_KEY_UIApplicationSupportsIndirectInputEvents = YES;
				INFOPLIST_KEY_UILaunchScreen_Generation = YES;
				INFOPLIST_KEY_UISupportedInterfaceOrientations_iPad = "UIInterfaceOrientationPortrait UIInterfaceOrientationPortraitUpsideDown UIInterfaceOrientationLandscapeLeft UIInterfaceOrientationLandscapeRight";
				INFOPLIST_KEY_UISupportedInterfaceOrientations_iPhone = "UIInterfaceOrientationPortrait UIInterfaceOrientationLandscapeLeft UIInterfaceOrientationLandscapeRight";
				LD_RUNPATH_SEARCH_PATHS = (
					"$(inherited)",
					"@executable_path/Frameworks",
				);
				MARKETING_VERSION = 1.0;
				PRODUCT_BUNDLE_IDENTIFIER = com.ghostvault.app;
				PRODUCT_NAME = "$(TARGET_NAME)";
				SWIFT_EMIT_LOC_STRINGS = YES;
				SWIFT_VERSION = 5.0;
				TARGETED_DEVICE_FAMILY = "1,2";
			};
			name = Release;
		};
		BLDCFGTSTDBG /* Debug */ = {
			isa = XCBuildConfiguration;
			buildSettings = {
				BUNDLE_LOADER = "$(TEST_HOST)";
				CODE_SIGN_STYLE = Automatic;
				CURRENT_PROJECT_VERSION = 1;
				GENERATE_INFOPLIST_FILE = YES;
				IPHONEOS_DEPLOYMENT_TARGET = 17.0;
				MARKETING_VERSION = 1.0;
				PRODUCT_BUNDLE_IDENTIFIER = com.ghostvault.app.tests;
				PRODUCT_NAME = "$(TARGET_NAME)";
				SWIFT_EMIT_LOC_STRINGS = NO;
				SWIFT_VERSION = 5.0;
				TARGETED_DEVICE_FAMILY = "1,2";
				TEST_HOST = "$(BUILT_PRODUCTS_DIR)/GhostVault.app/$(BUNDLE_EXECUTABLE_FOLDER_PATH)/GhostVault";
			};
			name = Debug;
		};
		BLDCFGTSTREL /* Release */ = {
			isa = XCBuildConfiguration;
			buildSettings = {
				BUNDLE_LOADER = "$(TEST_HOST)";
				CODE_SIGN_STYLE = Automatic;
				CURRENT_PROJECT_VERSION = 1;
				GENERATE_INFOPLIST_FILE = YES;
				IPHONEOS_DEPLOYMENT_TARGET = 17.0;
				MARKETING_VERSION = 1.0;
				PRODUCT_BUNDLE_IDENTIFIER = com.ghostvault.app.tests;
				PRODUCT_NAME = "$(TARGET_NAME)";
				SWIFT_EMIT_LOC_STRINGS = NO;
				SWIFT_VERSION = 5.0;
				TARGETED_DEVICE_FAMILY = "1,2";
				TEST_HOST = "$(BUILT_PRODUCTS_DIR)/GhostVault.app/$(BUNDLE_EXECUTABLE_FOLDER_PATH)/GhostVault";
			};
			name = Release;
		};
/* End XCBuildConfiguration section */

/* Begin XCConfigurationList section */
		BLDCFGLSTPROJ /* Build configuration list for PBXProject "GhostVault" */ = {
			isa = XCConfigurationList;
			buildConfigurations = (
				BLDCFGDBG /* Debug */,
				BLDCFGREL /* Release */,
			);
			defaultConfigurationIsVisible = 0;
			defaultConfigurationName = Release;
		};
		BLDCFGLST001 /* Build configuration list for PBXNativeTarget "GhostVault" */ = {
			isa = XCConfigurationList;
			buildConfigurations = (
				BLDCFGTGTDBG /* Debug */,
				BLDCFGTGTREL /* Release */,
			);
			defaultConfigurationIsVisible = 0;
			defaultConfigurationName = Release;
		};
		BLDCFGLST002 /* Build configuration list for PBXNativeTarget "GhostVaultTests" */ = {
			isa = XCConfigurationList;
			buildConfigurations = (
				BLDCFGTSTDBG /* Debug */,
				BLDCFGTSTREL /* Release */,
			);
			defaultConfigurationIsVisible = 0;
			defaultConfigurationName = Release;
		};
/* End XCConfigurationList section */
	};
	rootObject = PROJ001 /* Project object */;
}
